// !$*UTF8*$!
{
	archiveVersion = 1;
	classes = {
	};
	objectVersion = 46;
	objects = {

/* Begin PBXBuildFile section */
		3A6785AA1AAA6C8C0000B21E /* SFULogo.jpg in Resources */ = {isa = PBXBuildFile; fileRef = 3A6785A91AAA6C8C0000B21E /* SFULogo.jpg */; };
		3A6785AC1AAA76D40000B21E /* FinalGradesController.swift in Sources */ = {isa = PBXBuildFile; fileRef = 3A6785AB1AAA76D40000B21E /* FinalGradesController.swift */; };
		3A6785AE1AAA77630000B21E /* goSFUController.swift in Sources */ = {isa = PBXBuildFile; fileRef = 3A6785AD1AAA77630000B21E /* goSFUController.swift */; };
		3A6785B21AAA7DEA0000B21E /* rssPosts.swift in Sources */ = {isa = PBXBuildFile; fileRef = 3A6785B11AAA7DEA0000B21E /* rssPosts.swift */; };
		3A6785B41AAA81680000B21E /* PostViewController.swift in Sources */ = {isa = PBXBuildFile; fileRef = 3A6785B31AAA81680000B21E /* PostViewController.swift */; };
		3A8318E31AA67207006D0922 /* EmailController.swift in Sources */ = {isa = PBXBuildFile; fileRef = 3A8318E21AA67207006D0922 /* EmailController.swift */; };
		3A8318E51AA6724E006D0922 /* CanvasController.swift in Sources */ = {isa = PBXBuildFile; fileRef = 3A8318E41AA6724E006D0922 /* CanvasController.swift */; };
		3A8318E71AA67599006D0922 /* bMapController.swift in Sources */ = {isa = PBXBuildFile; fileRef = 3A8318E61AA67599006D0922 /* bMapController.swift */; };
		3A8318E91AA67776006D0922 /* HomeController.swift in Sources */ = {isa = PBXBuildFile; fileRef = 3A8318E81AA67776006D0922 /* HomeController.swift */; };
		3A8318FE1AA69069006D0922 /* location4.png in Resources */ = {isa = PBXBuildFile; fileRef = 3A8318FD1AA69069006D0922 /* location4.png */; };
		3A8319001AA69070006D0922 /* news.png in Resources */ = {isa = PBXBuildFile; fileRef = 3A8318FF1AA69070006D0922 /* news.png */; };
		3A8319021AA69075006D0922 /* like.png in Resources */ = {isa = PBXBuildFile; fileRef = 3A8319011AA69075006D0922 /* like.png */; };
		3A8319041AA6907C006D0922 /* small59.png in Resources */ = {isa = PBXBuildFile; fileRef = 3A8319031AA6907C006D0922 /* small59.png */; };
		3A8319061AA69087006D0922 /* study.png in Resources */ = {isa = PBXBuildFile; fileRef = 3A8319051AA69087006D0922 /* study.png */; };
		3A8319081AA69092006D0922 /* bubble1.png in Resources */ = {isa = PBXBuildFile; fileRef = 3A8319071AA69092006D0922 /* bubble1.png */; };
		3A83190A1AA69271006D0922 /* see.png in Resources */ = {isa = PBXBuildFile; fileRef = 3A8319091AA69271006D0922 /* see.png */; };
		3A83190C1AA69290006D0922 /* paperplane.png in Resources */ = {isa = PBXBuildFile; fileRef = 3A83190B1AA69290006D0922 /* paperplane.png */; };
		3A83190E1AA6929C006D0922 /* small61.png in Resources */ = {isa = PBXBuildFile; fileRef = 3A83190D1AA6929C006D0922 /* small61.png */; };
		3A8319101AA692B6006D0922 /* user12.png in Resources */ = {isa = PBXBuildFile; fileRef = 3A83190F1AA692B6006D0922 /* user12.png */; };
		3A8319121AA6953D006D0922 /* ServicesController.swift in Sources */ = {isa = PBXBuildFile; fileRef = 3A8319111AA6953D006D0922 /* ServicesController.swift */; };
		3A8319141AA69D43006D0922 /* mainNavController.swift in Sources */ = {isa = PBXBuildFile; fileRef = 3A8319131AA69D43006D0922 /* mainNavController.swift */; };
		3ADDB5831AB8D0D800153543 /* HTMLNode.swift in Sources */ = {isa = PBXBuildFile; fileRef = 3ADDB5801AB8D0D800153543 /* HTMLNode.swift */; };
		3ADDB5841AB8D0D800153543 /* HTMLParser.swift in Sources */ = {isa = PBXBuildFile; fileRef = 3ADDB5811AB8D0D800153543 /* HTMLParser.swift */; };
		3ADDB5861AB8D5A800153543 /* libxml2.dylib in Frameworks */ = {isa = PBXBuildFile; fileRef = 3ADDB5851AB8D5A800153543 /* libxml2.dylib */; };
		3ADDB5881AB8FC6600153543 /* courseGradeController.swift in Sources */ = {isa = PBXBuildFile; fileRef = 3ADDB5871AB8FC6600153543 /* courseGradeController.swift */; };
		3ADDB58A1AB90A2400153543 /* assignmentsController.swift in Sources */ = {isa = PBXBuildFile; fileRef = 3ADDB5891AB90A2400153543 /* assignmentsController.swift */; };
		3ADDB58C1AB91D1700153543 /* homeViewController.swift in Sources */ = {isa = PBXBuildFile; fileRef = 3ADDB58B1AB91D1700153543 /* homeViewController.swift */; };
		3ADDB59D1AB927D500153543 /* BlurryWhoAddedThisPic=.=.jpg in Resources */ = {isa = PBXBuildFile; fileRef = 3ADDB59C1AB927D500153543 /* BlurryWhoAddedThisPic=.=.jpg */; };
		3ADDB59F1AB9284700153543 /* SchoolQuadSexy.jpg in Resources */ = {isa = PBXBuildFile; fileRef = 3ADDB59E1AB9284700153543 /* SchoolQuadSexy.jpg */; };
		3E13D3991AB2520B00EAF7B3 /* MyNavigationController.swift in Sources */ = {isa = PBXBuildFile; fileRef = 3E13D3981AB2520B00EAF7B3 /* MyNavigationController.swift */; };
		3E13D39B1AB2524700EAF7B3 /* MyMenuTableViewController.swift in Sources */ = {isa = PBXBuildFile; fileRef = 3E13D39A1AB2524700EAF7B3 /* MyMenuTableViewController.swift */; };
		3E1B391C1ABCD76C001CF09E /* MapTableController.swift in Sources */ = {isa = PBXBuildFile; fileRef = 3E1B391B1ABCD76C001CF09E /* MapTableController.swift */; };
		3E1B391F1ABCD881001CF09E /* BreakMatchController.swift in Sources */ = {isa = PBXBuildFile; fileRef = 3E1B391E1ABCD881001CF09E /* BreakMatchController.swift */; };
		3E1B39231ABCDB6F001CF09E /* BusPassUpController.swift in Sources */ = {isa = PBXBuildFile; fileRef = 3E1B39221ABCDB6F001CF09E /* BusPassUpController.swift */; };
		3E25ECE21AC4B87400CEABCC /* DiningController.swift in Sources */ = {isa = PBXBuildFile; fileRef = 3E25ECE11AC4B87400CEABCC /* DiningController.swift */; };
		3E5A96D91AB79D1F0098F6AC /* stuffcontentmgrfiles2ac67e44c30a21635f8a9d498f832bc1cmisc_resized80_313_257_hamenu.png in Resources */ = {isa = PBXBuildFile; fileRef = 3E5A96D81AB79D1F0098F6AC /* stuffcontentmgrfiles2ac67e44c30a21635f8a9d498f832bc1cmisc_resized80_313_257_hamenu.png */; };
		3E5C83431ABCBE8800A4DB0B /* QRViewController.swift in Sources */ = {isa = PBXBuildFile; fileRef = 3E5C83421ABCBE8800A4DB0B /* QRViewController.swift */; };
		3E5C83481ABCC39700A4DB0B /* list23(big).png in Resources */ = {isa = PBXBuildFile; fileRef = 3E5C83471ABCC39700A4DB0B /* list23(big).png */; };
		3E5C834A1ABCC3CB00A4DB0B /* list23(bigger).png in Resources */ = {isa = PBXBuildFile; fileRef = 3E5C83491ABCC3CB00A4DB0B /* list23(bigger).png */; };
		3E5C834C1ABCC43800A4DB0B /* list23(biggering).png in Resources */ = {isa = PBXBuildFile; fileRef = 3E5C834B1ABCC43800A4DB0B /* list23(biggering).png */; };
		3E8FB4E41AD9A13B00E2F105 /* Reachability.swift in Sources */ = {isa = PBXBuildFile; fileRef = 3E8FB4E31AD9A13B00E2F105 /* Reachability.swift */; };
		3E9628F31AA94DCF00A8DE88 /* TransitController.swift in Sources */ = {isa = PBXBuildFile; fileRef = 3E9628F21AA94DCF00A8DE88 /* TransitController.swift */; };
		3E9628F71AA953D700A8DE88 /* article.swift in Sources */ = {isa = PBXBuildFile; fileRef = 3E9628F41AA953D700A8DE88 /* article.swift */; };
		3E9628F81AA953D700A8DE88 /* BlogPost.swift in Sources */ = {isa = PBXBuildFile; fileRef = 3E9628F51AA953D700A8DE88 /* BlogPost.swift */; };
		3E9628F91AA953D700A8DE88 /* subCategory.swift in Sources */ = {isa = PBXBuildFile; fileRef = 3E9628F61AA953D700A8DE88 /* subCategory.swift */; };
		3E9628FB1AA95D2900A8DE88 /* TViewController.swift in Sources */ = {isa = PBXBuildFile; fileRef = 3E9628FA1AA95D2900A8DE88 /* TViewController.swift */; };
		3EA102DD1ACDDFDC005C12A8 /* errorMessage.swift in Sources */ = {isa = PBXBuildFile; fileRef = 3EA102DC1ACDDFDC005C12A8 /* errorMessage.swift */; };
		3ED637671ACDCD6C00E5F75C /* internetCheck.swift in Sources */ = {isa = PBXBuildFile; fileRef = 3ED637661ACDCD6C00E5F75C /* internetCheck.swift */; };
		3ED91B971AB2467900554BDF /* ENSideMenu.swift in Sources */ = {isa = PBXBuildFile; fileRef = 3ED91B951AB2467900554BDF /* ENSideMenu.swift */; };
		3ED91B981AB2467900554BDF /* ENSideMenuNavigationController.swift in Sources */ = {isa = PBXBuildFile; fileRef = 3ED91B961AB2467900554BDF /* ENSideMenuNavigationController.swift */; };
		406DB11A1ABF8692004583DA /* ChannelController.swift in Sources */ = {isa = PBXBuildFile; fileRef = 406DB1191ABF8692004583DA /* ChannelController.swift */; };
		406DB11C1ABF86B9004583DA /* NewsTableViewController.swift in Sources */ = {isa = PBXBuildFile; fileRef = 406DB11B1ABF86B9004583DA /* NewsTableViewController.swift */; };
		406DB11E1ABF870B004583DA /* sfuvol.png in Resources */ = {isa = PBXBuildFile; fileRef = 406DB11D1ABF870B004583DA /* sfuvol.png */; };
		406DB1201ABF8710004583DA /* sfubby.png in Resources */ = {isa = PBXBuildFile; fileRef = 406DB11F1ABF8710004583DA /* sfubby.png */; };
		406DB1221ABF8719004583DA /* sfusurrey.png in Resources */ = {isa = PBXBuildFile; fileRef = 406DB1211ABF8719004583DA /* sfusurrey.png */; };
		406DB1241ABF871E004583DA /* sfudeadline.png in Resources */ = {isa = PBXBuildFile; fileRef = 406DB1231ABF871E004583DA /* sfudeadline.png */; };
		406DB1261ABF8727004583DA /* sfuvancouver.png in Resources */ = {isa = PBXBuildFile; fileRef = 406DB1251ABF8727004583DA /* sfuvancouver.png */; };
		7D2E5A731AD43B1B003C5EC8 /* BreakMatchCell.swift in Sources */ = {isa = PBXBuildFile; fileRef = 7D2E5A721AD43B1B003C5EC8 /* BreakMatchCell.swift */; };
		7D2E5A821AD4847F003C5EC8 /* led-green-black.png in Resources */ = {isa = PBXBuildFile; fileRef = 7D2E5A811AD4847F003C5EC8 /* led-green-black.png */; };
		7D2E5A841AD48641003C5EC8 /* led-red-black.png in Resources */ = {isa = PBXBuildFile; fileRef = 7D2E5A831AD48641003C5EC8 /* led-red-black.png */; };
		7D37513A1AD1BCF900D6655D /* Contacts.swift in Sources */ = {isa = PBXBuildFile; fileRef = 7D3751391AD1BCF900D6655D /* Contacts.swift */; };
		7D60E61A1AAE4B0A00A901F1 /* SchViewController.swift in Sources */ = {isa = PBXBuildFile; fileRef = 7D60E6191AAE4B0A00A901F1 /* SchViewController.swift */; };
		7D60E61C1AAE4B2B00A901F1 /* NewsController.swift in Sources */ = {isa = PBXBuildFile; fileRef = 7D60E61B1AAE4B2B00A901F1 /* NewsController.swift */; };
		7DB78C981AC9AE1B00F17700 /* CoreData.framework in Frameworks */ = {isa = PBXBuildFile; fileRef = 7DB78C971AC9AE1B00F17700 /* CoreData.framework */; };
		7DB78C9B1AC9AE3E00F17700 /* CoreDat.xcdatamodeld in Sources */ = {isa = PBXBuildFile; fileRef = 7DB78C991AC9AE3E00F17700 /* CoreDat.xcdatamodeld */; };
		7DB78C9D1AC9AE9100F17700 /* Friend.swift in Sources */ = {isa = PBXBuildFile; fileRef = 7DB78C9C1AC9AE9100F17700 /* Friend.swift */; };
		7DB78C9F1AC9AED200F17700 /* FavBus.swift in Sources */ = {isa = PBXBuildFile; fileRef = 7DB78C9E1AC9AED200F17700 /* FavBus.swift */; };
		7DBBAF121AC0B48800066BCB /* Player.swift in Sources */ = {isa = PBXBuildFile; fileRef = 7DBBAF111AC0B48800066BCB /* Player.swift */; };
		7DBBAF141AC0B52400066BCB /* AllBusController.swift in Sources */ = {isa = PBXBuildFile; fileRef = 7DBBAF131AC0B52400066BCB /* AllBusController.swift */; };
		7DBBAF161AC0B56600066BCB /* BusStopDetail.swift in Sources */ = {isa = PBXBuildFile; fileRef = 7DBBAF151AC0B56600066BCB /* BusStopDetail.swift */; };
		7DBBAF181AC0B58B00066BCB /* BasFave.swift in Sources */ = {isa = PBXBuildFile; fileRef = 7DBBAF171AC0B58B00066BCB /* BasFave.swift */; };
		7DBBAF1A1AC0B5B500066BCB /* FavoritesController.swift in Sources */ = {isa = PBXBuildFile; fileRef = 7DBBAF191AC0B5B500066BCB /* FavoritesController.swift */; };
		7DC35E3B1AA669B700554367 /* AppDelegate.swift in Sources */ = {isa = PBXBuildFile; fileRef = 7DC35E3A1AA669B700554367 /* AppDelegate.swift */; };
		7DC35E3D1AA669B700554367 /* ViewController.swift in Sources */ = {isa = PBXBuildFile; fileRef = 7DC35E3C1AA669B700554367 /* ViewController.swift */; };
		7DC35E401AA669B700554367 /* Main.storyboard in Resources */ = {isa = PBXBuildFile; fileRef = 7DC35E3E1AA669B700554367 /* Main.storyboard */; };
		7DC35E421AA669B700554367 /* Images.xcassets in Resources */ = {isa = PBXBuildFile; fileRef = 7DC35E411AA669B700554367 /* Images.xcassets */; };
		7DC35E451AA669B700554367 /* LaunchScreen.xib in Resources */ = {isa = PBXBuildFile; fileRef = 7DC35E431AA669B700554367 /* LaunchScreen.xib */; };
		7DC35E511AA669B800554367 /* SFU_AppTests.swift in Sources */ = {isa = PBXBuildFile; fileRef = 7DC35E501AA669B800554367 /* SFU_AppTests.swift */; };
		7DC35E5B1AA66D3400554367 /* LoginController.swift in Sources */ = {isa = PBXBuildFile; fileRef = 7DC35E5A1AA66D3400554367 /* LoginController.swift */; };
		C52B8C831ACB7872005DEE20 /* campusInfoController.swift in Sources */ = {isa = PBXBuildFile; fileRef = C52B8C821ACB7872005DEE20 /* campusInfoController.swift */; };
		C52B8C851ACB8EE4005DEE20 /* sMapController.swift in Sources */ = {isa = PBXBuildFile; fileRef = C52B8C841ACB8EE4005DEE20 /* sMapController.swift */; };
		C52B8C871ACB8EF6005DEE20 /* vMapController.swift in Sources */ = {isa = PBXBuildFile; fileRef = C52B8C861ACB8EF6005DEE20 /* vMapController.swift */; };
		C59004EC1AC3DA34009C85BC /* 20141125_090007thumbnail270x175_25866.jpg in Resources */ = {isa = PBXBuildFile; fileRef = C59004E61AC3DA34009C85BC /* 20141125_090007thumbnail270x175_25866.jpg */; };
		C59004ED1AC3DA34009C85BC /* Dining-Hallthumbnail270x175_25766.jpg in Resources */ = {isa = PBXBuildFile; fileRef = C59004E71AC3DA34009C85BC /* Dining-Hallthumbnail270x175_25766.jpg */; };
		C59004EE1AC3DA34009C85BC /* IMG_0484thumbnail270x175_25772.JPG in Resources */ = {isa = PBXBuildFile; fileRef = C59004E81AC3DA34009C85BC /* IMG_0484thumbnail270x175_25772.JPG */; };
		C59004EF1AC3DA34009C85BC /* IMG_0495thumbnail270x175_25769.JPG in Resources */ = {isa = PBXBuildFile; fileRef = C59004E91AC3DA34009C85BC /* IMG_0495thumbnail270x175_25769.JPG */; };
		C59004F01AC3DA34009C85BC /* Starbucksthumbnail270x175_25775.jpg in Resources */ = {isa = PBXBuildFile; fileRef = C59004EA1AC3DA34009C85BC /* Starbucksthumbnail270x175_25775.jpg */; };
		C59004F11AC3DA34009C85BC /* Tims-Photothumbnail270x175_25780.jpg in Resources */ = {isa = PBXBuildFile; fileRef = C59004EB1AC3DA34009C85BC /* Tims-Photothumbnail270x175_25780.jpg */; };
		C5BED5871AC37B3100EC64BA /* homeTransitController.swift in Sources */ = {isa = PBXBuildFile; fileRef = C5BED5861AC37B3100EC64BA /* homeTransitController.swift */; };
		C5C424A21AC22CFE00BC212E /* SwiftyJSON.swift in Sources */ = {isa = PBXBuildFile; fileRef = C5C424A11AC22CFE00BC212E /* SwiftyJSON.swift */; };
		C5C424A41AC22D7800BC212E /* DataManager.swift in Sources */ = {isa = PBXBuildFile; fileRef = C5C424A31AC22D7800BC212E /* DataManager.swift */; };
		C5C424A61AC280D000BC212E /* mainContentController.swift in Sources */ = {isa = PBXBuildFile; fileRef = C5C424A51AC280D000BC212E /* mainContentController.swift */; };
		C5DF45DF1AC3EE9300FD2277 /* cloudy.png in Resources */ = {isa = PBXBuildFile; fileRef = C5DF45DA1AC3EE9300FD2277 /* cloudy.png */; };
		C5DF45E01AC3EE9300FD2277 /* suncloud.png in Resources */ = {isa = PBXBuildFile; fileRef = C5DF45DB1AC3EE9300FD2277 /* suncloud.png */; };
		C5DF45E11AC3EE9300FD2277 /* rain.png in Resources */ = {isa = PBXBuildFile; fileRef = C5DF45DC1AC3EE9300FD2277 /* rain.png */; };
		C5DF45E21AC3EE9300FD2277 /* snow.png in Resources */ = {isa = PBXBuildFile; fileRef = C5DF45DD1AC3EE9300FD2277 /* snow.png */; };
		C5DF45E31AC3EE9300FD2277 /* sunny.png in Resources */ = {isa = PBXBuildFile; fileRef = C5DF45DE1AC3EE9300FD2277 /* sunny.png */; };
		C5DF45E51AC3F15300FD2277 /* list23(biggering)white.png in Resources */ = {isa = PBXBuildFile; fileRef = C5DF45E41AC3F15300FD2277 /* list23(biggering)white.png */; };
		C5DF45F11AC3F54900FD2277 /* 1.png in Resources */ = {isa = PBXBuildFile; fileRef = C5DF45E61AC3F54900FD2277 /* 1.png */; };
		C5DF45F21AC3F54900FD2277 /* 2.png in Resources */ = {isa = PBXBuildFile; fileRef = C5DF45E71AC3F54900FD2277 /* 2.png */; };
		C5DF45F31AC3F54900FD2277 /* 3.png in Resources */ = {isa = PBXBuildFile; fileRef = C5DF45E81AC3F54900FD2277 /* 3.png */; };
		C5DF45F41AC3F54900FD2277 /* 4.png in Resources */ = {isa = PBXBuildFile; fileRef = C5DF45E91AC3F54900FD2277 /* 4.png */; };
		C5DF45F51AC3F54900FD2277 /* 5.png in Resources */ = {isa = PBXBuildFile; fileRef = C5DF45EA1AC3F54900FD2277 /* 5.png */; };
		C5DF45F61AC3F54900FD2277 /* 6.png in Resources */ = {isa = PBXBuildFile; fileRef = C5DF45EB1AC3F54900FD2277 /* 6.png */; };
		C5DF45F71AC3F54900FD2277 /* 7.png in Resources */ = {isa = PBXBuildFile; fileRef = C5DF45EC1AC3F54900FD2277 /* 7.png */; };
		C5DF45F81AC3F54900FD2277 /* 8.png in Resources */ = {isa = PBXBuildFile; fileRef = C5DF45ED1AC3F54900FD2277 /* 8.png */; };
		C5DF45F91AC3F54900FD2277 /* 9.png in Resources */ = {isa = PBXBuildFile; fileRef = C5DF45EE1AC3F54900FD2277 /* 9.png */; };
		C5DF45FA1AC3F54900FD2277 /* 10.png in Resources */ = {isa = PBXBuildFile; fileRef = C5DF45EF1AC3F54900FD2277 /* 10.png */; };
		C5DF45FB1AC3F54900FD2277 /* 11.png in Resources */ = {isa = PBXBuildFile; fileRef = C5DF45F01AC3F54900FD2277 /* 11.png */; };
		C5DF45FD1AC40A7D00FD2277 /* CampusDiningMapwSbux-Large.jpg in Resources */ = {isa = PBXBuildFile; fileRef = C5DF45FC1AC40A7D00FD2277 /* CampusDiningMapwSbux-Large.jpg */; };
/* End PBXBuildFile section */

/* Begin PBXContainerItemProxy section */
		7DC35E4B1AA669B800554367 /* PBXContainerItemProxy */ = {
			isa = PBXContainerItemProxy;
			containerPortal = 7DC35E2D1AA669B700554367 /* Project object */;
			proxyType = 1;
			remoteGlobalIDString = 7DC35E341AA669B700554367;
			remoteInfo = SFU_App;
		};
/* End PBXContainerItemProxy section */

/* Begin PBXFileReference section */
		3A6785A91AAA6C8C0000B21E /* SFULogo.jpg */ = {isa = PBXFileReference; lastKnownFileType = image.jpeg; path = SFULogo.jpg; sourceTree = SOURCE_ROOT; };
		3A6785AB1AAA76D40000B21E /* FinalGradesController.swift */ = {isa = PBXFileReference; fileEncoding = 4; lastKnownFileType = sourcecode.swift; path = FinalGradesController.swift; sourceTree = "<group>"; };
		3A6785AD1AAA77630000B21E /* goSFUController.swift */ = {isa = PBXFileReference; fileEncoding = 4; lastKnownFileType = sourcecode.swift; path = goSFUController.swift; sourceTree = "<group>"; };
		3A6785B11AAA7DEA0000B21E /* rssPosts.swift */ = {isa = PBXFileReference; fileEncoding = 4; lastKnownFileType = sourcecode.swift; path = rssPosts.swift; sourceTree = "<group>"; };
		3A6785B31AAA81680000B21E /* PostViewController.swift */ = {isa = PBXFileReference; fileEncoding = 4; lastKnownFileType = sourcecode.swift; path = PostViewController.swift; sourceTree = "<group>"; };
		3A8318E21AA67207006D0922 /* EmailController.swift */ = {isa = PBXFileReference; fileEncoding = 4; lastKnownFileType = sourcecode.swift; path = EmailController.swift; sourceTree = "<group>"; };
		3A8318E41AA6724E006D0922 /* CanvasController.swift */ = {isa = PBXFileReference; fileEncoding = 4; lastKnownFileType = sourcecode.swift; path = CanvasController.swift; sourceTree = "<group>"; };
		3A8318E61AA67599006D0922 /* bMapController.swift */ = {isa = PBXFileReference; fileEncoding = 4; lastKnownFileType = sourcecode.swift; path = bMapController.swift; sourceTree = "<group>"; };
		3A8318E81AA67776006D0922 /* HomeController.swift */ = {isa = PBXFileReference; fileEncoding = 4; lastKnownFileType = sourcecode.swift; path = HomeController.swift; sourceTree = "<group>"; };
		3A8318FD1AA69069006D0922 /* location4.png */ = {isa = PBXFileReference; lastKnownFileType = image.png; name = location4.png; path = linecons/png/location4.png; sourceTree = SOURCE_ROOT; };
		3A8318FF1AA69070006D0922 /* news.png */ = {isa = PBXFileReference; lastKnownFileType = image.png; name = news.png; path = linecons/png/news.png; sourceTree = SOURCE_ROOT; };
		3A8319011AA69075006D0922 /* like.png */ = {isa = PBXFileReference; lastKnownFileType = image.png; name = like.png; path = linecons/png/like.png; sourceTree = SOURCE_ROOT; };
		3A8319031AA6907C006D0922 /* small59.png */ = {isa = PBXFileReference; lastKnownFileType = image.png; name = small59.png; path = ../linecons/png/small59.png; sourceTree = "<group>"; };
		3A8319051AA69087006D0922 /* study.png */ = {isa = PBXFileReference; lastKnownFileType = image.png; name = study.png; path = linecons/png/study.png; sourceTree = SOURCE_ROOT; };
		3A8319071AA69092006D0922 /* bubble1.png */ = {isa = PBXFileReference; lastKnownFileType = image.png; name = bubble1.png; path = linecons/png/bubble1.png; sourceTree = SOURCE_ROOT; };
		3A8319091AA69271006D0922 /* see.png */ = {isa = PBXFileReference; lastKnownFileType = image.png; name = see.png; path = linecons/png/see.png; sourceTree = SOURCE_ROOT; };
		3A83190B1AA69290006D0922 /* paperplane.png */ = {isa = PBXFileReference; lastKnownFileType = image.png; name = paperplane.png; path = linecons/png/paperplane.png; sourceTree = SOURCE_ROOT; };
		3A83190D1AA6929C006D0922 /* small61.png */ = {isa = PBXFileReference; lastKnownFileType = image.png; name = small61.png; path = linecons/png/small61.png; sourceTree = SOURCE_ROOT; };
		3A83190F1AA692B6006D0922 /* user12.png */ = {isa = PBXFileReference; lastKnownFileType = image.png; name = user12.png; path = linecons/png/user12.png; sourceTree = SOURCE_ROOT; };
		3A8319111AA6953D006D0922 /* ServicesController.swift */ = {isa = PBXFileReference; fileEncoding = 4; lastKnownFileType = sourcecode.swift; path = ServicesController.swift; sourceTree = "<group>"; };
		3A8319131AA69D43006D0922 /* mainNavController.swift */ = {isa = PBXFileReference; fileEncoding = 4; lastKnownFileType = sourcecode.swift; path = mainNavController.swift; sourceTree = "<group>"; };
		3ADDB5801AB8D0D800153543 /* HTMLNode.swift */ = {isa = PBXFileReference; fileEncoding = 4; lastKnownFileType = sourcecode.swift; path = HTMLNode.swift; sourceTree = "<group>"; };
		3ADDB5811AB8D0D800153543 /* HTMLParser.swift */ = {isa = PBXFileReference; fileEncoding = 4; lastKnownFileType = sourcecode.swift; path = HTMLParser.swift; sourceTree = "<group>"; };
		3ADDB5851AB8D5A800153543 /* libxml2.dylib */ = {isa = PBXFileReference; lastKnownFileType = "compiled.mach-o.dylib"; name = libxml2.dylib; path = usr/lib/libxml2.dylib; sourceTree = SDKROOT; };
		3ADDB5871AB8FC6600153543 /* courseGradeController.swift */ = {isa = PBXFileReference; fileEncoding = 4; lastKnownFileType = sourcecode.swift; path = courseGradeController.swift; sourceTree = "<group>"; };
		3ADDB5891AB90A2400153543 /* assignmentsController.swift */ = {isa = PBXFileReference; fileEncoding = 4; lastKnownFileType = sourcecode.swift; path = assignmentsController.swift; sourceTree = "<group>"; };
		3ADDB58B1AB91D1700153543 /* homeViewController.swift */ = {isa = PBXFileReference; fileEncoding = 4; lastKnownFileType = sourcecode.swift; path = homeViewController.swift; sourceTree = "<group>"; };
		3ADDB59C1AB927D500153543 /* BlurryWhoAddedThisPic=.=.jpg */ = {isa = PBXFileReference; lastKnownFileType = image.jpeg; path = "BlurryWhoAddedThisPic=.=.jpg"; sourceTree = "<group>"; };
		3ADDB59E1AB9284700153543 /* SchoolQuadSexy.jpg */ = {isa = PBXFileReference; lastKnownFileType = image.jpeg; path = SchoolQuadSexy.jpg; sourceTree = "<group>"; };
		3E13D3981AB2520B00EAF7B3 /* MyNavigationController.swift */ = {isa = PBXFileReference; fileEncoding = 4; lastKnownFileType = sourcecode.swift; path = MyNavigationController.swift; sourceTree = "<group>"; };
		3E13D39A1AB2524700EAF7B3 /* MyMenuTableViewController.swift */ = {isa = PBXFileReference; fileEncoding = 4; lastKnownFileType = sourcecode.swift; path = MyMenuTableViewController.swift; sourceTree = "<group>"; };
		3E1B391B1ABCD76C001CF09E /* MapTableController.swift */ = {isa = PBXFileReference; fileEncoding = 4; lastKnownFileType = sourcecode.swift; path = MapTableController.swift; sourceTree = "<group>"; };
		3E1B391E1ABCD881001CF09E /* BreakMatchController.swift */ = {isa = PBXFileReference; fileEncoding = 4; lastKnownFileType = sourcecode.swift; path = BreakMatchController.swift; sourceTree = "<group>"; };
		3E1B39221ABCDB6F001CF09E /* BusPassUpController.swift */ = {isa = PBXFileReference; fileEncoding = 4; lastKnownFileType = sourcecode.swift; path = BusPassUpController.swift; sourceTree = "<group>"; };
		3E25ECE11AC4B87400CEABCC /* DiningController.swift */ = {isa = PBXFileReference; fileEncoding = 4; lastKnownFileType = sourcecode.swift; path = DiningController.swift; sourceTree = "<group>"; };
		3E5A96D81AB79D1F0098F6AC /* stuffcontentmgrfiles2ac67e44c30a21635f8a9d498f832bc1cmisc_resized80_313_257_hamenu.png */ = {isa = PBXFileReference; lastKnownFileType = image.png; path = stuffcontentmgrfiles2ac67e44c30a21635f8a9d498f832bc1cmisc_resized80_313_257_hamenu.png; sourceTree = "<group>"; };
		3E5C83421ABCBE8800A4DB0B /* QRViewController.swift */ = {isa = PBXFileReference; fileEncoding = 4; lastKnownFileType = sourcecode.swift; path = QRViewController.swift; sourceTree = "<group>"; };
		3E5C83471ABCC39700A4DB0B /* list23(big).png */ = {isa = PBXFileReference; lastKnownFileType = image.png; path = "list23(big).png"; sourceTree = "<group>"; };
		3E5C83491ABCC3CB00A4DB0B /* list23(bigger).png */ = {isa = PBXFileReference; lastKnownFileType = image.png; path = "list23(bigger).png"; sourceTree = "<group>"; };
		3E5C834B1ABCC43800A4DB0B /* list23(biggering).png */ = {isa = PBXFileReference; lastKnownFileType = image.png; path = "list23(biggering).png"; sourceTree = "<group>"; };
		3E8FB4E31AD9A13B00E2F105 /* Reachability.swift */ = {isa = PBXFileReference; fileEncoding = 4; lastKnownFileType = sourcecode.swift; path = Reachability.swift; sourceTree = "<group>"; };
		3E9628F21AA94DCF00A8DE88 /* TransitController.swift */ = {isa = PBXFileReference; fileEncoding = 4; lastKnownFileType = sourcecode.swift; path = TransitController.swift; sourceTree = "<group>"; };
		3E9628F41AA953D700A8DE88 /* article.swift */ = {isa = PBXFileReference; fileEncoding = 4; lastKnownFileType = sourcecode.swift; path = article.swift; sourceTree = "<group>"; };
		3E9628F51AA953D700A8DE88 /* BlogPost.swift */ = {isa = PBXFileReference; fileEncoding = 4; lastKnownFileType = sourcecode.swift; path = BlogPost.swift; sourceTree = "<group>"; };
		3E9628F61AA953D700A8DE88 /* subCategory.swift */ = {isa = PBXFileReference; fileEncoding = 4; lastKnownFileType = sourcecode.swift; path = subCategory.swift; sourceTree = "<group>"; };
		3E9628FA1AA95D2900A8DE88 /* TViewController.swift */ = {isa = PBXFileReference; fileEncoding = 4; lastKnownFileType = sourcecode.swift; path = TViewController.swift; sourceTree = "<group>"; };
		3EA102DC1ACDDFDC005C12A8 /* errorMessage.swift */ = {isa = PBXFileReference; fileEncoding = 4; lastKnownFileType = sourcecode.swift; path = errorMessage.swift; sourceTree = "<group>"; };
		3ED637661ACDCD6C00E5F75C /* internetCheck.swift */ = {isa = PBXFileReference; fileEncoding = 4; lastKnownFileType = sourcecode.swift; path = internetCheck.swift; sourceTree = "<group>"; };
		3ED91B951AB2467900554BDF /* ENSideMenu.swift */ = {isa = PBXFileReference; fileEncoding = 4; lastKnownFileType = sourcecode.swift; name = ENSideMenu.swift; path = Library/ENSideMenu.swift; sourceTree = "<group>"; };
		3ED91B961AB2467900554BDF /* ENSideMenuNavigationController.swift */ = {isa = PBXFileReference; fileEncoding = 4; lastKnownFileType = sourcecode.swift; name = ENSideMenuNavigationController.swift; path = Library/ENSideMenuNavigationController.swift; sourceTree = "<group>"; };
		406DB1191ABF8692004583DA /* ChannelController.swift */ = {isa = PBXFileReference; fileEncoding = 4; lastKnownFileType = sourcecode.swift; path = ChannelController.swift; sourceTree = "<group>"; };
		406DB11B1ABF86B9004583DA /* NewsTableViewController.swift */ = {isa = PBXFileReference; fileEncoding = 4; lastKnownFileType = sourcecode.swift; path = NewsTableViewController.swift; sourceTree = "<group>"; };
		406DB11D1ABF870B004583DA /* sfuvol.png */ = {isa = PBXFileReference; lastKnownFileType = image.png; path = sfuvol.png; sourceTree = "<group>"; };
		406DB11F1ABF8710004583DA /* sfubby.png */ = {isa = PBXFileReference; lastKnownFileType = image.png; path = sfubby.png; sourceTree = "<group>"; };
		406DB1211ABF8719004583DA /* sfusurrey.png */ = {isa = PBXFileReference; lastKnownFileType = image.png; path = sfusurrey.png; sourceTree = "<group>"; };
		406DB1231ABF871E004583DA /* sfudeadline.png */ = {isa = PBXFileReference; lastKnownFileType = image.png; path = sfudeadline.png; sourceTree = "<group>"; };
		406DB1251ABF8727004583DA /* sfuvancouver.png */ = {isa = PBXFileReference; lastKnownFileType = image.png; path = sfuvancouver.png; sourceTree = "<group>"; };
		7D2E5A721AD43B1B003C5EC8 /* BreakMatchCell.swift */ = {isa = PBXFileReference; fileEncoding = 4; lastKnownFileType = sourcecode.swift; path = BreakMatchCell.swift; sourceTree = "<group>"; };
		7D2E5A811AD4847F003C5EC8 /* led-green-black.png */ = {isa = PBXFileReference; lastKnownFileType = image.png; path = "led-green-black.png"; sourceTree = "<group>"; };
		7D2E5A831AD48641003C5EC8 /* led-red-black.png */ = {isa = PBXFileReference; lastKnownFileType = image.png; path = "led-red-black.png"; sourceTree = "<group>"; };
		7D3751391AD1BCF900D6655D /* Contacts.swift */ = {isa = PBXFileReference; fileEncoding = 4; lastKnownFileType = sourcecode.swift; path = Contacts.swift; sourceTree = "<group>"; };
		7D60E6191AAE4B0A00A901F1 /* SchViewController.swift */ = {isa = PBXFileReference; fileEncoding = 4; lastKnownFileType = sourcecode.swift; path = SchViewController.swift; sourceTree = "<group>"; };
		7D60E61B1AAE4B2B00A901F1 /* NewsController.swift */ = {isa = PBXFileReference; fileEncoding = 4; lastKnownFileType = sourcecode.swift; path = NewsController.swift; sourceTree = "<group>"; };
		7D96B2821ABF7571007F1296 /* Swift-HTML-Parser-Bridging-Header.h */ = {isa = PBXFileReference; lastKnownFileType = sourcecode.c.h; name = "Swift-HTML-Parser-Bridging-Header.h"; path = "../Swift-HTML-Parser-Bridging-Header.h"; sourceTree = "<group>"; };
		7DB78C971AC9AE1B00F17700 /* CoreData.framework */ = {isa = PBXFileReference; lastKnownFileType = wrapper.framework; name = CoreData.framework; path = System/Library/Frameworks/CoreData.framework; sourceTree = SDKROOT; };
		7DB78C9A1AC9AE3E00F17700 /* CoreDat.xcdatamodel */ = {isa = PBXFileReference; lastKnownFileType = wrapper.xcdatamodel; path = CoreDat.xcdatamodel; sourceTree = "<group>"; };
		7DB78C9C1AC9AE9100F17700 /* Friend.swift */ = {isa = PBXFileReference; fileEncoding = 4; lastKnownFileType = sourcecode.swift; path = Friend.swift; sourceTree = "<group>"; };
		7DB78C9E1AC9AED200F17700 /* FavBus.swift */ = {isa = PBXFileReference; fileEncoding = 4; lastKnownFileType = sourcecode.swift; path = FavBus.swift; sourceTree = "<group>"; };
		7DBBAF111AC0B48800066BCB /* Player.swift */ = {isa = PBXFileReference; fileEncoding = 4; lastKnownFileType = sourcecode.swift; path = Player.swift; sourceTree = "<group>"; };
		7DBBAF131AC0B52400066BCB /* AllBusController.swift */ = {isa = PBXFileReference; fileEncoding = 4; lastKnownFileType = sourcecode.swift; path = AllBusController.swift; sourceTree = "<group>"; };
		7DBBAF151AC0B56600066BCB /* BusStopDetail.swift */ = {isa = PBXFileReference; fileEncoding = 4; lastKnownFileType = sourcecode.swift; path = BusStopDetail.swift; sourceTree = "<group>"; };
		7DBBAF171AC0B58B00066BCB /* BasFave.swift */ = {isa = PBXFileReference; fileEncoding = 4; lastKnownFileType = sourcecode.swift; path = BasFave.swift; sourceTree = "<group>"; };
		7DBBAF191AC0B5B500066BCB /* FavoritesController.swift */ = {isa = PBXFileReference; fileEncoding = 4; lastKnownFileType = sourcecode.swift; path = FavoritesController.swift; sourceTree = "<group>"; };
		7DC35E351AA669B700554367 /* SFU_App.app */ = {isa = PBXFileReference; explicitFileType = wrapper.application; includeInIndex = 0; path = SFU_App.app; sourceTree = BUILT_PRODUCTS_DIR; };
		7DC35E391AA669B700554367 /* Info.plist */ = {isa = PBXFileReference; lastKnownFileType = text.plist.xml; path = Info.plist; sourceTree = "<group>"; };
		7DC35E3A1AA669B700554367 /* AppDelegate.swift */ = {isa = PBXFileReference; lastKnownFileType = sourcecode.swift; path = AppDelegate.swift; sourceTree = "<group>"; };
		7DC35E3C1AA669B700554367 /* ViewController.swift */ = {isa = PBXFileReference; lastKnownFileType = sourcecode.swift; path = ViewController.swift; sourceTree = "<group>"; };
		7DC35E3F1AA669B700554367 /* Base */ = {isa = PBXFileReference; lastKnownFileType = file.storyboard; name = Base; path = Base.lproj/Main.storyboard; sourceTree = "<group>"; };
		7DC35E411AA669B700554367 /* Images.xcassets */ = {isa = PBXFileReference; lastKnownFileType = folder.assetcatalog; path = Images.xcassets; sourceTree = "<group>"; };
		7DC35E441AA669B700554367 /* Base */ = {isa = PBXFileReference; lastKnownFileType = file.xib; name = Base; path = Base.lproj/LaunchScreen.xib; sourceTree = "<group>"; };
		7DC35E4A1AA669B800554367 /* SFU_AppTests.xctest */ = {isa = PBXFileReference; explicitFileType = wrapper.cfbundle; includeInIndex = 0; path = SFU_AppTests.xctest; sourceTree = BUILT_PRODUCTS_DIR; };
		7DC35E4F1AA669B800554367 /* Info.plist */ = {isa = PBXFileReference; lastKnownFileType = text.plist.xml; path = Info.plist; sourceTree = "<group>"; };
		7DC35E501AA669B800554367 /* SFU_AppTests.swift */ = {isa = PBXFileReference; lastKnownFileType = sourcecode.swift; path = SFU_AppTests.swift; sourceTree = "<group>"; };
		7DC35E5A1AA66D3400554367 /* LoginController.swift */ = {isa = PBXFileReference; fileEncoding = 4; lastKnownFileType = sourcecode.swift; path = LoginController.swift; sourceTree = "<group>"; };
		C52B8C821ACB7872005DEE20 /* campusInfoController.swift */ = {isa = PBXFileReference; fileEncoding = 4; lastKnownFileType = sourcecode.swift; path = campusInfoController.swift; sourceTree = "<group>"; };
		C52B8C841ACB8EE4005DEE20 /* sMapController.swift */ = {isa = PBXFileReference; fileEncoding = 4; lastKnownFileType = sourcecode.swift; path = sMapController.swift; sourceTree = "<group>"; };
		C52B8C861ACB8EF6005DEE20 /* vMapController.swift */ = {isa = PBXFileReference; fileEncoding = 4; lastKnownFileType = sourcecode.swift; path = vMapController.swift; sourceTree = "<group>"; };
		C59004E61AC3DA34009C85BC /* 20141125_090007thumbnail270x175_25866.jpg */ = {isa = PBXFileReference; lastKnownFileType = image.jpeg; path = 20141125_090007thumbnail270x175_25866.jpg; sourceTree = "<group>"; };
		C59004E71AC3DA34009C85BC /* Dining-Hallthumbnail270x175_25766.jpg */ = {isa = PBXFileReference; lastKnownFileType = image.jpeg; path = "Dining-Hallthumbnail270x175_25766.jpg"; sourceTree = "<group>"; };
		C59004E81AC3DA34009C85BC /* IMG_0484thumbnail270x175_25772.JPG */ = {isa = PBXFileReference; lastKnownFileType = image.jpeg; path = IMG_0484thumbnail270x175_25772.JPG; sourceTree = "<group>"; };
		C59004E91AC3DA34009C85BC /* IMG_0495thumbnail270x175_25769.JPG */ = {isa = PBXFileReference; lastKnownFileType = image.jpeg; path = IMG_0495thumbnail270x175_25769.JPG; sourceTree = "<group>"; };
		C59004EA1AC3DA34009C85BC /* Starbucksthumbnail270x175_25775.jpg */ = {isa = PBXFileReference; lastKnownFileType = image.jpeg; path = Starbucksthumbnail270x175_25775.jpg; sourceTree = "<group>"; };
		C59004EB1AC3DA34009C85BC /* Tims-Photothumbnail270x175_25780.jpg */ = {isa = PBXFileReference; lastKnownFileType = image.jpeg; path = "Tims-Photothumbnail270x175_25780.jpg"; sourceTree = "<group>"; };
		C5BED5861AC37B3100EC64BA /* homeTransitController.swift */ = {isa = PBXFileReference; fileEncoding = 4; lastKnownFileType = sourcecode.swift; path = homeTransitController.swift; sourceTree = "<group>"; };
		C5C424A11AC22CFE00BC212E /* SwiftyJSON.swift */ = {isa = PBXFileReference; fileEncoding = 4; lastKnownFileType = sourcecode.swift; path = SwiftyJSON.swift; sourceTree = "<group>"; };
		C5C424A31AC22D7800BC212E /* DataManager.swift */ = {isa = PBXFileReference; fileEncoding = 4; lastKnownFileType = sourcecode.swift; path = DataManager.swift; sourceTree = "<group>"; };
		C5C424A51AC280D000BC212E /* mainContentController.swift */ = {isa = PBXFileReference; fileEncoding = 4; lastKnownFileType = sourcecode.swift; path = mainContentController.swift; sourceTree = "<group>"; };
		C5DF45DA1AC3EE9300FD2277 /* cloudy.png */ = {isa = PBXFileReference; lastKnownFileType = image.png; path = cloudy.png; sourceTree = "<group>"; };
		C5DF45DB1AC3EE9300FD2277 /* suncloud.png */ = {isa = PBXFileReference; lastKnownFileType = image.png; path = suncloud.png; sourceTree = "<group>"; };
		C5DF45DC1AC3EE9300FD2277 /* rain.png */ = {isa = PBXFileReference; lastKnownFileType = image.png; path = rain.png; sourceTree = "<group>"; };
		C5DF45DD1AC3EE9300FD2277 /* snow.png */ = {isa = PBXFileReference; lastKnownFileType = image.png; path = snow.png; sourceTree = "<group>"; };
		C5DF45DE1AC3EE9300FD2277 /* sunny.png */ = {isa = PBXFileReference; lastKnownFileType = image.png; path = sunny.png; sourceTree = "<group>"; };
		C5DF45E41AC3F15300FD2277 /* list23(biggering)white.png */ = {isa = PBXFileReference; lastKnownFileType = image.png; path = "list23(biggering)white.png"; sourceTree = "<group>"; };
		C5DF45E61AC3F54900FD2277 /* 1.png */ = {isa = PBXFileReference; lastKnownFileType = image.png; path = 1.png; sourceTree = "<group>"; };
		C5DF45E71AC3F54900FD2277 /* 2.png */ = {isa = PBXFileReference; lastKnownFileType = image.png; path = 2.png; sourceTree = "<group>"; };
		C5DF45E81AC3F54900FD2277 /* 3.png */ = {isa = PBXFileReference; lastKnownFileType = image.png; path = 3.png; sourceTree = "<group>"; };
		C5DF45E91AC3F54900FD2277 /* 4.png */ = {isa = PBXFileReference; lastKnownFileType = image.png; path = 4.png; sourceTree = "<group>"; };
		C5DF45EA1AC3F54900FD2277 /* 5.png */ = {isa = PBXFileReference; lastKnownFileType = image.png; path = 5.png; sourceTree = "<group>"; };
		C5DF45EB1AC3F54900FD2277 /* 6.png */ = {isa = PBXFileReference; lastKnownFileType = image.png; path = 6.png; sourceTree = "<group>"; };
		C5DF45EC1AC3F54900FD2277 /* 7.png */ = {isa = PBXFileReference; lastKnownFileType = image.png; path = 7.png; sourceTree = "<group>"; };
		C5DF45ED1AC3F54900FD2277 /* 8.png */ = {isa = PBXFileReference; lastKnownFileType = image.png; path = 8.png; sourceTree = "<group>"; };
		C5DF45EE1AC3F54900FD2277 /* 9.png */ = {isa = PBXFileReference; lastKnownFileType = image.png; path = 9.png; sourceTree = "<group>"; };
		C5DF45EF1AC3F54900FD2277 /* 10.png */ = {isa = PBXFileReference; lastKnownFileType = image.png; path = 10.png; sourceTree = "<group>"; };
		C5DF45F01AC3F54900FD2277 /* 11.png */ = {isa = PBXFileReference; lastKnownFileType = image.png; path = 11.png; sourceTree = "<group>"; };
		C5DF45FC1AC40A7D00FD2277 /* CampusDiningMapwSbux-Large.jpg */ = {isa = PBXFileReference; lastKnownFileType = image.jpeg; path = "CampusDiningMapwSbux-Large.jpg"; sourceTree = "<group>"; };
/* End PBXFileReference section */

/* Begin PBXFrameworksBuildPhase section */
		7DC35E321AA669B700554367 /* Frameworks */ = {
			isa = PBXFrameworksBuildPhase;
			buildActionMask = 2147483647;
			files = (
				7DB78C981AC9AE1B00F17700 /* CoreData.framework in Frameworks */,
				3ADDB5861AB8D5A800153543 /* libxml2.dylib in Frameworks */,
			);
			runOnlyForDeploymentPostprocessing = 0;
		};
		7DC35E471AA669B800554367 /* Frameworks */ = {
			isa = PBXFrameworksBuildPhase;
			buildActionMask = 2147483647;
			files = (
			);
			runOnlyForDeploymentPostprocessing = 0;
		};
/* End PBXFrameworksBuildPhase section */

/* Begin PBXGroup section */
		3A8318EA1AA68435006D0922 /* Assets */ = {
			isa = PBXGroup;
			children = (
			);
			name = Assets;
			sourceTree = "<group>";
		};
		3ADDB58D1AB9202700153543 /* Weather Icons */ = {
			isa = PBXGroup;
			children = (
				C5DF45DA1AC3EE9300FD2277 /* cloudy.png */,
				C5DF45DB1AC3EE9300FD2277 /* suncloud.png */,
				C5DF45DC1AC3EE9300FD2277 /* rain.png */,
				C5DF45DD1AC3EE9300FD2277 /* snow.png */,
				C5DF45DE1AC3EE9300FD2277 /* sunny.png */,
			);
			name = "Weather Icons";
			sourceTree = "<group>";
		};
		3E1B391D1ABCD866001CF09E /* BreakMatch */ = {
			isa = PBXGroup;
			children = (
				3E1B391E1ABCD881001CF09E /* BreakMatchController.swift */,
				7D2E5A721AD43B1B003C5EC8 /* BreakMatchCell.swift */,
				7D3751391AD1BCF900D6655D /* Contacts.swift */,
			);
			name = BreakMatch;
			sourceTree = "<group>";
		};
		3E5C83441ABCBF0A00A4DB0B /* Loyalty */ = {
			isa = PBXGroup;
			children = (
				3E5C83421ABCBE8800A4DB0B /* QRViewController.swift */,
			);
			name = Loyalty;
			sourceTree = "<group>";
		};
		3ED91B321AB2443700554BDF /* Picture Files */ = {
			isa = PBXGroup;
			children = (
				C5DF45FC1AC40A7D00FD2277 /* CampusDiningMapwSbux-Large.jpg */,
				C5DF45B51AC3E79F00FD2277 /* instagram pics */,
				C59004F21AC3DA49009C85BC /* Dining */,
				3ADDB59E1AB9284700153543 /* SchoolQuadSexy.jpg */,
				3ADDB59C1AB927D500153543 /* BlurryWhoAddedThisPic=.=.jpg */,
				3E5A96D81AB79D1F0098F6AC /* stuffcontentmgrfiles2ac67e44c30a21635f8a9d498f832bc1cmisc_resized80_313_257_hamenu.png */,
				3A8318FD1AA69069006D0922 /* location4.png */,
				3A8318FF1AA69070006D0922 /* news.png */,
				3A8319011AA69075006D0922 /* like.png */,
				3E5C83471ABCC39700A4DB0B /* list23(big).png */,
				3A8319031AA6907C006D0922 /* small59.png */,
				7D2E5A741AD44B09003C5EC8 /* Breakmatcher */,
				406DB11F1ABF8710004583DA /* sfubby.png */,
				406DB11D1ABF870B004583DA /* sfuvol.png */,
				406DB1211ABF8719004583DA /* sfusurrey.png */,
				3E5C834B1ABCC43800A4DB0B /* list23(biggering).png */,
				C5DF45E41AC3F15300FD2277 /* list23(biggering)white.png */,
				406DB1231ABF871E004583DA /* sfudeadline.png */,
				3E5C83491ABCC3CB00A4DB0B /* list23(bigger).png */,
				406DB1251ABF8727004583DA /* sfuvancouver.png */,
				3A8319051AA69087006D0922 /* study.png */,
				3A8319071AA69092006D0922 /* bubble1.png */,
				3A8319091AA69271006D0922 /* see.png */,
				3A83190B1AA69290006D0922 /* paperplane.png */,
				3A83190D1AA6929C006D0922 /* small61.png */,
				3A83190F1AA692B6006D0922 /* user12.png */,
				3A6785A91AAA6C8C0000B21E /* SFULogo.jpg */,
			);
			name = "Picture Files";
			sourceTree = "<group>";
		};
		3ED91B341AB2448F00554BDF /* Login */ = {
			isa = PBXGroup;
			children = (
				7DC35E5A1AA66D3400554367 /* LoginController.swift */,
			);
			name = Login;
			sourceTree = "<group>";
		};
		3ED91B361AB244B000554BDF /* Transit */ = {
			isa = PBXGroup;
			children = (
				3E1B39221ABCDB6F001CF09E /* BusPassUpController.swift */,
				3E9628F21AA94DCF00A8DE88 /* TransitController.swift */,
				3E9628FA1AA95D2900A8DE88 /* TViewController.swift */,
				7DBBAF111AC0B48800066BCB /* Player.swift */,
				7DBBAF131AC0B52400066BCB /* AllBusController.swift */,
				7DBBAF151AC0B56600066BCB /* BusStopDetail.swift */,
				7DBBAF171AC0B58B00066BCB /* BasFave.swift */,
				7DBBAF191AC0B5B500066BCB /* FavoritesController.swift */,
			);
			name = Transit;
			sourceTree = "<group>";
		};
		3ED91B371AB244BB00554BDF /* RSS/News */ = {
			isa = PBXGroup;
			children = (
				7D60E61B1AAE4B2B00A901F1 /* NewsController.swift */,
				406DB11B1ABF86B9004583DA /* NewsTableViewController.swift */,
				406DB1191ABF8692004583DA /* ChannelController.swift */,
				3A6785B11AAA7DEA0000B21E /* rssPosts.swift */,
			);
			name = RSS/News;
			sourceTree = "<group>";
		};
		3ED91B3B1AB2452900554BDF /* Maps */ = {
			isa = PBXGroup;
			children = (
				3A8318E61AA67599006D0922 /* bMapController.swift */,
				C52B8C841ACB8EE4005DEE20 /* sMapController.swift */,
				C52B8C861ACB8EF6005DEE20 /* vMapController.swift */,
				3E1B391B1ABCD76C001CF09E /* MapTableController.swift */,
			);
			name = Maps;
			sourceTree = "<group>";
		};
		3ED91B3C1AB2456E00554BDF /* Services */ = {
			isa = PBXGroup;
			children = (
				3A8318E41AA6724E006D0922 /* CanvasController.swift */,
				3A8318E21AA67207006D0922 /* EmailController.swift */,
				7D60E6191AAE4B0A00A901F1 /* SchViewController.swift */,
				3A6785AB1AAA76D40000B21E /* FinalGradesController.swift */,
				3A8319111AA6953D006D0922 /* ServicesController.swift */,
				3A6785AD1AAA77630000B21E /* goSFUController.swift */,
				3ADDB5871AB8FC6600153543 /* courseGradeController.swift */,
				3ADDB5891AB90A2400153543 /* assignmentsController.swift */,
			);
			name = Services;
			sourceTree = "<group>";
		};
		3ED91B3D1AB2462F00554BDF /* SlideyMenuMaJiggy */ = {
			isa = PBXGroup;
			children = (
				3ED91B961AB2467900554BDF /* ENSideMenuNavigationController.swift */,
				3E13D3981AB2520B00EAF7B3 /* MyNavigationController.swift */,
				3E13D39A1AB2524700EAF7B3 /* MyMenuTableViewController.swift */,
				3ED91B951AB2467900554BDF /* ENSideMenu.swift */,
			);
			name = SlideyMenuMaJiggy;
			sourceTree = "<group>";
		};
		7D2E5A741AD44B09003C5EC8 /* Breakmatcher */ = {
			isa = PBXGroup;
			children = (
				7D2E5A831AD48641003C5EC8 /* led-red-black.png */,
				7D2E5A811AD4847F003C5EC8 /* led-green-black.png */,
			);
			name = Breakmatcher;
			sourceTree = "<group>";
		};
		7DC35E2C1AA669B700554367 = {
			isa = PBXGroup;
			children = (
				7DB78C991AC9AE3E00F17700 /* CoreDat.xcdatamodeld */,
				7DB78C9E1AC9AED200F17700 /* FavBus.swift */,
				3E8FB4E31AD9A13B00E2F105 /* Reachability.swift */,
				7DB78C9C1AC9AE9100F17700 /* Friend.swift */,
				3EA102DC1ACDDFDC005C12A8 /* errorMessage.swift */,
				3ED637661ACDCD6C00E5F75C /* internetCheck.swift */,
				7DB78C971AC9AE1B00F17700 /* CoreData.framework */,
				3ADDB5851AB8D5A800153543 /* libxml2.dylib */,
				7DC35E371AA669B700554367 /* SFU_App */,
				7DC35E4D1AA669B800554367 /* SFU_AppTests */,
				7DC35E361AA669B700554367 /* Products */,
			);
			sourceTree = "<group>";
		};
		7DC35E361AA669B700554367 /* Products */ = {
			isa = PBXGroup;
			children = (
				7DC35E351AA669B700554367 /* SFU_App.app */,
				7DC35E4A1AA669B800554367 /* SFU_AppTests.xctest */,
			);
			name = Products;
			sourceTree = "<group>";
		};
		7DC35E371AA669B700554367 /* SFU_App */ = {
			isa = PBXGroup;
			children = (
				3ADDB58D1AB9202700153543 /* Weather Icons */,
				3ED91B321AB2443700554BDF /* Picture Files */,
				3A8318EA1AA68435006D0922 /* Assets */,
				7DC35E3A1AA669B700554367 /* AppDelegate.swift */,
				7DC35E3C1AA669B700554367 /* ViewController.swift */,
				3A6785B31AAA81680000B21E /* PostViewController.swift */,
				3E25ECE11AC4B87400CEABCC /* DiningController.swift */,
				3A8319131AA69D43006D0922 /* mainNavController.swift */,
				C5BED5861AC37B3100EC64BA /* homeTransitController.swift */,
				3A8318E81AA67776006D0922 /* HomeController.swift */,
				C5C424A51AC280D000BC212E /* mainContentController.swift */,
				C52B8C821ACB7872005DEE20 /* campusInfoController.swift */,
				3ADDB58B1AB91D1700153543 /* homeViewController.swift */,
				7DC35E3E1AA669B700554367 /* Main.storyboard */,
				7DC35E411AA669B700554367 /* Images.xcassets */,
				7DC35E431AA669B700554367 /* LaunchScreen.xib */,
				7DC35E381AA669B700554367 /* Supporting Files */,
				3E1B391D1ABCD866001CF09E /* BreakMatch */,
				3ED91B341AB2448F00554BDF /* Login */,
				3E5C83441ABCBF0A00A4DB0B /* Loyalty */,
				3ED91B361AB244B000554BDF /* Transit */,
				3ED91B3B1AB2452900554BDF /* Maps */,
				3ED91B371AB244BB00554BDF /* RSS/News */,
				3ED91B3C1AB2456E00554BDF /* Services */,
				3ED91B3D1AB2462F00554BDF /* SlideyMenuMaJiggy */,
			);
			path = SFU_App;
			sourceTree = "<group>";
		};
		7DC35E381AA669B700554367 /* Supporting Files */ = {
			isa = PBXGroup;
			children = (
				C5C424A31AC22D7800BC212E /* DataManager.swift */,
				C5C424A11AC22CFE00BC212E /* SwiftyJSON.swift */,
				3ADDB5801AB8D0D800153543 /* HTMLNode.swift */,
				7D96B2821ABF7571007F1296 /* Swift-HTML-Parser-Bridging-Header.h */,
				3ADDB5811AB8D0D800153543 /* HTMLParser.swift */,
				3E9628F41AA953D700A8DE88 /* article.swift */,
				3E9628F51AA953D700A8DE88 /* BlogPost.swift */,
				3E9628F61AA953D700A8DE88 /* subCategory.swift */,
				7DC35E391AA669B700554367 /* Info.plist */,
			);
			name = "Supporting Files";
			sourceTree = "<group>";
		};
		7DC35E4D1AA669B800554367 /* SFU_AppTests */ = {
			isa = PBXGroup;
			children = (
				7DC35E501AA669B800554367 /* SFU_AppTests.swift */,
				7DC35E4E1AA669B800554367 /* Supporting Files */,
			);
			path = SFU_AppTests;
			sourceTree = "<group>";
		};
		7DC35E4E1AA669B800554367 /* Supporting Files */ = {
			isa = PBXGroup;
			children = (
				7DC35E4F1AA669B800554367 /* Info.plist */,
			);
			name = "Supporting Files";
			sourceTree = "<group>";
		};
		C59004F21AC3DA49009C85BC /* Dining */ = {
			isa = PBXGroup;
			children = (
				C59004E61AC3DA34009C85BC /* 20141125_090007thumbnail270x175_25866.jpg */,
				C59004E71AC3DA34009C85BC /* Dining-Hallthumbnail270x175_25766.jpg */,
				C59004E81AC3DA34009C85BC /* IMG_0484thumbnail270x175_25772.JPG */,
				C59004E91AC3DA34009C85BC /* IMG_0495thumbnail270x175_25769.JPG */,
				C59004EA1AC3DA34009C85BC /* Starbucksthumbnail270x175_25775.jpg */,
				C59004EB1AC3DA34009C85BC /* Tims-Photothumbnail270x175_25780.jpg */,
			);
			name = Dining;
			sourceTree = "<group>";
		};
		C5DF45B51AC3E79F00FD2277 /* instagram pics */ = {
			isa = PBXGroup;
			children = (
				C5DF45E61AC3F54900FD2277 /* 1.png */,
				C5DF45E71AC3F54900FD2277 /* 2.png */,
				C5DF45E81AC3F54900FD2277 /* 3.png */,
				C5DF45E91AC3F54900FD2277 /* 4.png */,
				C5DF45EA1AC3F54900FD2277 /* 5.png */,
				C5DF45EB1AC3F54900FD2277 /* 6.png */,
				C5DF45EC1AC3F54900FD2277 /* 7.png */,
				C5DF45ED1AC3F54900FD2277 /* 8.png */,
				C5DF45EE1AC3F54900FD2277 /* 9.png */,
				C5DF45EF1AC3F54900FD2277 /* 10.png */,
				C5DF45F01AC3F54900FD2277 /* 11.png */,
			);
			name = "instagram pics";
			sourceTree = "<group>";
		};
/* End PBXGroup section */

/* Begin PBXNativeTarget section */
		7DC35E341AA669B700554367 /* SFU_App */ = {
			isa = PBXNativeTarget;
			buildConfigurationList = 7DC35E541AA669B800554367 /* Build configuration list for PBXNativeTarget "SFU_App" */;
			buildPhases = (
				7DC35E311AA669B700554367 /* Sources */,
				7DC35E321AA669B700554367 /* Frameworks */,
				7DC35E331AA669B700554367 /* Resources */,
			);
			buildRules = (
			);
			dependencies = (
			);
			name = SFU_App;
			productName = SFU_App;
			productReference = 7DC35E351AA669B700554367 /* SFU_App.app */;
			productType = "com.apple.product-type.application";
		};
		7DC35E491AA669B800554367 /* SFU_AppTests */ = {
			isa = PBXNativeTarget;
			buildConfigurationList = 7DC35E571AA669B800554367 /* Build configuration list for PBXNativeTarget "SFU_AppTests" */;
			buildPhases = (
				7DC35E461AA669B800554367 /* Sources */,
				7DC35E471AA669B800554367 /* Frameworks */,
				7DC35E481AA669B800554367 /* Resources */,
			);
			buildRules = (
			);
			dependencies = (
				7DC35E4C1AA669B800554367 /* PBXTargetDependency */,
			);
			name = SFU_AppTests;
			productName = SFU_AppTests;
			productReference = 7DC35E4A1AA669B800554367 /* SFU_AppTests.xctest */;
			productType = "com.apple.product-type.bundle.unit-test";
		};
/* End PBXNativeTarget section */

/* Begin PBXProject section */
		7DC35E2D1AA669B700554367 /* Project object */ = {
			isa = PBXProject;
			attributes = {
				LastUpgradeCheck = 0610;
				ORGANIZATIONNAME = "Hugo Cheng";
				TargetAttributes = {
					7DC35E341AA669B700554367 = {
						CreatedOnToolsVersion = 6.1;
					};
					7DC35E491AA669B800554367 = {
						CreatedOnToolsVersion = 6.1;
						TestTargetID = 7DC35E341AA669B700554367;
					};
				};
			};
			buildConfigurationList = 7DC35E301AA669B700554367 /* Build configuration list for PBXProject "SFU_App" */;
			compatibilityVersion = "Xcode 3.2";
			developmentRegion = English;
			hasScannedForEncodings = 0;
			knownRegions = (
				en,
				Base,
			);
			mainGroup = 7DC35E2C1AA669B700554367;
			productRefGroup = 7DC35E361AA669B700554367 /* Products */;
			projectDirPath = "";
			projectRoot = "";
			targets = (
				7DC35E341AA669B700554367 /* SFU_App */,
				7DC35E491AA669B800554367 /* SFU_AppTests */,
			);
		};
/* End PBXProject section */

/* Begin PBXResourcesBuildPhase section */
		7DC35E331AA669B700554367 /* Resources */ = {
			isa = PBXResourcesBuildPhase;
			buildActionMask = 2147483647;
			files = (
				7DC35E401AA669B700554367 /* Main.storyboard in Resources */,
				C5DF45E01AC3EE9300FD2277 /* suncloud.png in Resources */,
				C5DF45E51AC3F15300FD2277 /* list23(biggering)white.png in Resources */,
				C5DF45F91AC3F54900FD2277 /* 9.png in Resources */,
				C5DF45F81AC3F54900FD2277 /* 8.png in Resources */,
				C5DF45F31AC3F54900FD2277 /* 3.png in Resources */,
				C5DF45F11AC3F54900FD2277 /* 1.png in Resources */,
				3ADDB59F1AB9284700153543 /* SchoolQuadSexy.jpg in Resources */,
				3A83190C1AA69290006D0922 /* paperplane.png in Resources */,
				3A8319001AA69070006D0922 /* news.png in Resources */,
				C5DF45E31AC3EE9300FD2277 /* sunny.png in Resources */,
				3A8319081AA69092006D0922 /* bubble1.png in Resources */,
				3E5A96D91AB79D1F0098F6AC /* stuffcontentmgrfiles2ac67e44c30a21635f8a9d498f832bc1cmisc_resized80_313_257_hamenu.png in Resources */,
				7D2E5A841AD48641003C5EC8 /* led-red-black.png in Resources */,
				C5DF45F71AC3F54900FD2277 /* 7.png in Resources */,
				C59004ED1AC3DA34009C85BC /* Dining-Hallthumbnail270x175_25766.jpg in Resources */,
				3ADDB59D1AB927D500153543 /* BlurryWhoAddedThisPic=.=.jpg in Resources */,
				3A6785AA1AAA6C8C0000B21E /* SFULogo.jpg in Resources */,
				406DB1261ABF8727004583DA /* sfuvancouver.png in Resources */,
				C5DF45E11AC3EE9300FD2277 /* rain.png in Resources */,
				C5DF45DF1AC3EE9300FD2277 /* cloudy.png in Resources */,
				3A83190A1AA69271006D0922 /* see.png in Resources */,
				7D2E5A821AD4847F003C5EC8 /* led-green-black.png in Resources */,
				C5DF45FA1AC3F54900FD2277 /* 10.png in Resources */,
				3E5C83481ABCC39700A4DB0B /* list23(big).png in Resources */,
				C5DF45F21AC3F54900FD2277 /* 2.png in Resources */,
				C5DF45E21AC3EE9300FD2277 /* snow.png in Resources */,
				C5DF45F51AC3F54900FD2277 /* 5.png in Resources */,
				3A8319021AA69075006D0922 /* like.png in Resources */,
				3A83190E1AA6929C006D0922 /* small61.png in Resources */,
				3A8319041AA6907C006D0922 /* small59.png in Resources */,
				C59004F01AC3DA34009C85BC /* Starbucksthumbnail270x175_25775.jpg in Resources */,
				3A8318FE1AA69069006D0922 /* location4.png in Resources */,
				3A8319061AA69087006D0922 /* study.png in Resources */,
				406DB11E1ABF870B004583DA /* sfuvol.png in Resources */,
				C59004F11AC3DA34009C85BC /* Tims-Photothumbnail270x175_25780.jpg in Resources */,
				3E5C834A1ABCC3CB00A4DB0B /* list23(bigger).png in Resources */,
				C5DF45F61AC3F54900FD2277 /* 6.png in Resources */,
				C59004EF1AC3DA34009C85BC /* IMG_0495thumbnail270x175_25769.JPG in Resources */,
				7DC35E451AA669B700554367 /* LaunchScreen.xib in Resources */,
				3E5C834C1ABCC43800A4DB0B /* list23(biggering).png in Resources */,
				C5DF45FD1AC40A7D00FD2277 /* CampusDiningMapwSbux-Large.jpg in Resources */,
				7DC35E421AA669B700554367 /* Images.xcassets in Resources */,
				C59004EE1AC3DA34009C85BC /* IMG_0484thumbnail270x175_25772.JPG in Resources */,
				C59004EC1AC3DA34009C85BC /* 20141125_090007thumbnail270x175_25866.jpg in Resources */,
				3A8319101AA692B6006D0922 /* user12.png in Resources */,
				C5DF45FB1AC3F54900FD2277 /* 11.png in Resources */,
				406DB1221ABF8719004583DA /* sfusurrey.png in Resources */,
				406DB1201ABF8710004583DA /* sfubby.png in Resources */,
				406DB1241ABF871E004583DA /* sfudeadline.png in Resources */,
				C5DF45F41AC3F54900FD2277 /* 4.png in Resources */,
			);
			runOnlyForDeploymentPostprocessing = 0;
		};
		7DC35E481AA669B800554367 /* Resources */ = {
			isa = PBXResourcesBuildPhase;
			buildActionMask = 2147483647;
			files = (
			);
			runOnlyForDeploymentPostprocessing = 0;
		};
/* End PBXResourcesBuildPhase section */

/* Begin PBXSourcesBuildPhase section */
		7DC35E311AA669B700554367 /* Sources */ = {
			isa = PBXSourcesBuildPhase;
			buildActionMask = 2147483647;
			files = (
				3E1B391C1ABCD76C001CF09E /* MapTableController.swift in Sources */,
				406DB11A1ABF8692004583DA /* ChannelController.swift in Sources */,
				7D37513A1AD1BCF900D6655D /* Contacts.swift in Sources */,
				7D2E5A731AD43B1B003C5EC8 /* BreakMatchCell.swift in Sources */,
				3A8318E31AA67207006D0922 /* EmailController.swift in Sources */,
				3E9628FB1AA95D2900A8DE88 /* TViewController.swift in Sources */,
				3ADDB5881AB8FC6600153543 /* courseGradeController.swift in Sources */,
				3A8318E51AA6724E006D0922 /* CanvasController.swift in Sources */,
				C5BED5871AC37B3100EC64BA /* homeTransitController.swift in Sources */,
				7D60E61C1AAE4B2B00A901F1 /* NewsController.swift in Sources */,
				C5C424A21AC22CFE00BC212E /* SwiftyJSON.swift in Sources */,
				3E25ECE21AC4B87400CEABCC /* DiningController.swift in Sources */,
				C52B8C831ACB7872005DEE20 /* campusInfoController.swift in Sources */,
				3E1B39231ABCDB6F001CF09E /* BusPassUpController.swift in Sources */,
				3E8FB4E41AD9A13B00E2F105 /* Reachability.swift in Sources */,
				C5C424A61AC280D000BC212E /* mainContentController.swift in Sources */,
				3ED91B971AB2467900554BDF /* ENSideMenu.swift in Sources */,
				3ED91B981AB2467900554BDF /* ENSideMenuNavigationController.swift in Sources */,
				7DB78C9F1AC9AED200F17700 /* FavBus.swift in Sources */,
				3E13D39B1AB2524700EAF7B3 /* MyMenuTableViewController.swift in Sources */,
				7DBBAF1A1AC0B5B500066BCB /* FavoritesController.swift in Sources */,
				3E1B391F1ABCD881001CF09E /* BreakMatchController.swift in Sources */,
				3E9628F71AA953D700A8DE88 /* article.swift in Sources */,
				3EA102DD1ACDDFDC005C12A8 /* errorMessage.swift in Sources */,
				7DB78C9B1AC9AE3E00F17700 /* CoreDat.xcdatamodeld in Sources */,
				3ADDB5841AB8D0D800153543 /* HTMLParser.swift in Sources */,
				3E9628F81AA953D700A8DE88 /* BlogPost.swift in Sources */,
				3E13D3991AB2520B00EAF7B3 /* MyNavigationController.swift in Sources */,
				7DBBAF121AC0B48800066BCB /* Player.swift in Sources */,
				3ED637671ACDCD6C00E5F75C /* internetCheck.swift in Sources */,
				3ADDB58C1AB91D1700153543 /* homeViewController.swift in Sources */,
				3A6785B21AAA7DEA0000B21E /* rssPosts.swift in Sources */,
				3ADDB58A1AB90A2400153543 /* assignmentsController.swift in Sources */,
				3A8318E91AA67776006D0922 /* HomeController.swift in Sources */,
				3A8319141AA69D43006D0922 /* mainNavController.swift in Sources */,
				406DB11C1ABF86B9004583DA /* NewsTableViewController.swift in Sources */,
				7DB78C9D1AC9AE9100F17700 /* Friend.swift in Sources */,
				3A8319121AA6953D006D0922 /* ServicesController.swift in Sources */,
				3E9628F91AA953D700A8DE88 /* subCategory.swift in Sources */,
				C52B8C851ACB8EE4005DEE20 /* sMapController.swift in Sources */,
				7DBBAF181AC0B58B00066BCB /* BasFave.swift in Sources */,
				7D60E61A1AAE4B0A00A901F1 /* SchViewController.swift in Sources */,
				3E5C83431ABCBE8800A4DB0B /* QRViewController.swift in Sources */,
				3A6785AC1AAA76D40000B21E /* FinalGradesController.swift in Sources */,
				3A6785B41AAA81680000B21E /* PostViewController.swift in Sources */,
				7DC35E3D1AA669B700554367 /* ViewController.swift in Sources */,
				7DBBAF141AC0B52400066BCB /* AllBusController.swift in Sources */,
				7DBBAF161AC0B56600066BCB /* BusStopDetail.swift in Sources */,
				7DC35E5B1AA66D3400554367 /* LoginController.swift in Sources */,
				3A8318E71AA67599006D0922 /* bMapController.swift in Sources */,
				7DC35E3B1AA669B700554367 /* AppDelegate.swift in Sources */,
				C52B8C871ACB8EF6005DEE20 /* vMapController.swift in Sources */,
				3A6785AE1AAA77630000B21E /* goSFUController.swift in Sources */,
				C5C424A41AC22D7800BC212E /* DataManager.swift in Sources */,
				3ADDB5831AB8D0D800153543 /* HTMLNode.swift in Sources */,
				3E9628F31AA94DCF00A8DE88 /* TransitController.swift in Sources */,
			);
			runOnlyForDeploymentPostprocessing = 0;
		};
		7DC35E461AA669B800554367 /* Sources */ = {
			isa = PBXSourcesBuildPhase;
			buildActionMask = 2147483647;
			files = (
				7DC35E511AA669B800554367 /* SFU_AppTests.swift in Sources */,
			);
			runOnlyForDeploymentPostprocessing = 0;
		};
/* End PBXSourcesBuildPhase section */

/* Begin PBXTargetDependency section */
		7DC35E4C1AA669B800554367 /* PBXTargetDependency */ = {
			isa = PBXTargetDependency;
			target = 7DC35E341AA669B700554367 /* SFU_App */;
			targetProxy = 7DC35E4B1AA669B800554367 /* PBXContainerItemProxy */;
		};
/* End PBXTargetDependency section */

/* Begin PBXVariantGroup section */
		7DC35E3E1AA669B700554367 /* Main.storyboard */ = {
			isa = PBXVariantGroup;
			children = (
				7DC35E3F1AA669B700554367 /* Base */,
			);
			name = Main.storyboard;
			sourceTree = "<group>";
		};
		7DC35E431AA669B700554367 /* LaunchScreen.xib */ = {
			isa = PBXVariantGroup;
			children = (
				7DC35E441AA669B700554367 /* Base */,
			);
			name = LaunchScreen.xib;
			sourceTree = "<group>";
		};
/* End PBXVariantGroup section */

/* Begin XCBuildConfiguration section */
		7DC35E521AA669B800554367 /* Debug */ = {
			isa = XCBuildConfiguration;
			buildSettings = {
				ALWAYS_SEARCH_USER_PATHS = NO;
				CLANG_CXX_LANGUAGE_STANDARD = "gnu++0x";
				CLANG_CXX_LIBRARY = "libc++";
				CLANG_ENABLE_MODULES = YES;
				CLANG_ENABLE_OBJC_ARC = YES;
				CLANG_WARN_BOOL_CONVERSION = YES;
				CLANG_WARN_CONSTANT_CONVERSION = YES;
				CLANG_WARN_DIRECT_OBJC_ISA_USAGE = YES_ERROR;
				CLANG_WARN_EMPTY_BODY = YES;
				CLANG_WARN_ENUM_CONVERSION = YES;
				CLANG_WARN_INT_CONVERSION = YES;
				CLANG_WARN_OBJC_ROOT_CLASS = YES_ERROR;
				CLANG_WARN_UNREACHABLE_CODE = YES;
				CLANG_WARN__DUPLICATE_METHOD_MATCH = YES;
				"CODE_SIGN_IDENTITY[sdk=iphoneos*]" = "iPhone Developer";
				COPY_PHASE_STRIP = NO;
				ENABLE_STRICT_OBJC_MSGSEND = YES;
				GCC_C_LANGUAGE_STANDARD = gnu99;
				GCC_DYNAMIC_NO_PIC = NO;
				GCC_OPTIMIZATION_LEVEL = 0;
				GCC_PREPROCESSOR_DEFINITIONS = (
					"DEBUG=1",
					"$(inherited)",
				);
				GCC_SYMBOLS_PRIVATE_EXTERN = NO;
				GCC_WARN_64_TO_32_BIT_CONVERSION = YES;
				GCC_WARN_ABOUT_RETURN_TYPE = YES_ERROR;
				GCC_WARN_UNDECLARED_SELECTOR = YES;
				GCC_WARN_UNINITIALIZED_AUTOS = YES_AGGRESSIVE;
				GCC_WARN_UNUSED_FUNCTION = YES;
				GCC_WARN_UNUSED_VARIABLE = YES;
				IPHONEOS_DEPLOYMENT_TARGET = 8.1;
				MTL_ENABLE_DEBUG_INFO = YES;
				ONLY_ACTIVE_ARCH = YES;
				SDKROOT = iphoneos;
				SWIFT_OPTIMIZATION_LEVEL = "-Onone";
			};
			name = Debug;
		};
		7DC35E531AA669B800554367 /* Release */ = {
			isa = XCBuildConfiguration;
			buildSettings = {
				ALWAYS_SEARCH_USER_PATHS = NO;
				CLANG_CXX_LANGUAGE_STANDARD = "gnu++0x";
				CLANG_CXX_LIBRARY = "libc++";
				CLANG_ENABLE_MODULES = YES;
				CLANG_ENABLE_OBJC_ARC = YES;
				CLANG_WARN_BOOL_CONVERSION = YES;
				CLANG_WARN_CONSTANT_CONVERSION = YES;
				CLANG_WARN_DIRECT_OBJC_ISA_USAGE = YES_ERROR;
				CLANG_WARN_EMPTY_BODY = YES;
				CLANG_WARN_ENUM_CONVERSION = YES;
				CLANG_WARN_INT_CONVERSION = YES;
				CLANG_WARN_OBJC_ROOT_CLASS = YES_ERROR;
				CLANG_WARN_UNREACHABLE_CODE = YES;
				CLANG_WARN__DUPLICATE_METHOD_MATCH = YES;
				"CODE_SIGN_IDENTITY[sdk=iphoneos*]" = "iPhone Developer";
				COPY_PHASE_STRIP = YES;
				ENABLE_NS_ASSERTIONS = NO;
				ENABLE_STRICT_OBJC_MSGSEND = YES;
				GCC_C_LANGUAGE_STANDARD = gnu99;
				GCC_WARN_64_TO_32_BIT_CONVERSION = YES;
				GCC_WARN_ABOUT_RETURN_TYPE = YES_ERROR;
				GCC_WARN_UNDECLARED_SELECTOR = YES;
				GCC_WARN_UNINITIALIZED_AUTOS = YES_AGGRESSIVE;
				GCC_WARN_UNUSED_FUNCTION = YES;
				GCC_WARN_UNUSED_VARIABLE = YES;
				IPHONEOS_DEPLOYMENT_TARGET = 8.1;
				MTL_ENABLE_DEBUG_INFO = NO;
				SDKROOT = iphoneos;
				VALIDATE_PRODUCT = YES;
			};
			name = Release;
		};
		7DC35E551AA669B800554367 /* Debug */ = {
			isa = XCBuildConfiguration;
			buildSettings = {
				ASSETCATALOG_COMPILER_APPICON_NAME = AppIcon;
				HEADER_SEARCH_PATHS = (
					"$(inherited)",
					/Applications/Xcode.app/Contents/Developer/Toolchains/XcodeDefault.xctoolchain/usr/include,
					/usr/include/libxml2,
				);
				INFOPLIST_FILE = SFU_App/Info.plist;
				LD_RUNPATH_SEARCH_PATHS = "$(inherited) @executable_path/Frameworks";
				PRODUCT_NAME = "$(TARGET_NAME)";
				PROVISIONING_PROFILE = "892e92ca-c763-4f37-8173-ae07162cc81d";
				SWIFT_INSTALL_OBJC_HEADER = NO;
				SWIFT_OBJC_BRIDGING_HEADER = "./SFU_App/Swift-HTML-Parser-Bridging-Header.h";
			};
			name = Debug;
		};
		7DC35E561AA669B800554367 /* Release */ = {
			isa = XCBuildConfiguration;
			buildSettings = {
				ASSETCATALOG_COMPILER_APPICON_NAME = AppIcon;
				HEADER_SEARCH_PATHS = (
					"$(inherited)",
					/Applications/Xcode.app/Contents/Developer/Toolchains/XcodeDefault.xctoolchain/usr/include,
					/usr/include/libxml2,
				);
				INFOPLIST_FILE = SFU_App/Info.plist;
				LD_RUNPATH_SEARCH_PATHS = "$(inherited) @executable_path/Frameworks";
				PRODUCT_NAME = "$(TARGET_NAME)";
				PROVISIONING_PROFILE = "892e92ca-c763-4f37-8173-ae07162cc81d";
				SWIFT_INSTALL_OBJC_HEADER = NO;
				SWIFT_OBJC_BRIDGING_HEADER = "./SFU_App/Swift-HTML-Parser-Bridging-Header.h";
			};
			name = Release;
		};
		7DC35E581AA669B800554367 /* Debug */ = {
			isa = XCBuildConfiguration;
			buildSettings = {
				BUNDLE_LOADER = "$(TEST_HOST)";
				FRAMEWORK_SEARCH_PATHS = (
					"$(SDKROOT)/Developer/Library/Frameworks",
					"$(inherited)",
				);
				GCC_PREPROCESSOR_DEFINITIONS = (
					"DEBUG=1",
					"$(inherited)",
				);
				INFOPLIST_FILE = SFU_AppTests/Info.plist;
				LD_RUNPATH_SEARCH_PATHS = "$(inherited) @executable_path/Frameworks @loader_path/Frameworks";
				PRODUCT_NAME = "$(TARGET_NAME)";
				TEST_HOST = "$(BUILT_PRODUCTS_DIR)/SFU_App.app/SFU_App";
			};
			name = Debug;
		};
		7DC35E591AA669B800554367 /* Release */ = {
			isa = XCBuildConfiguration;
			buildSettings = {
				BUNDLE_LOADER = "$(TEST_HOST)";
				FRAMEWORK_SEARCH_PATHS = (
					"$(SDKROOT)/Developer/Library/Frameworks",
					"$(inherited)",
				);
				INFOPLIST_FILE = SFU_AppTests/Info.plist;
				LD_RUNPATH_SEARCH_PATHS = "$(inherited) @executable_path/Frameworks @loader_path/Frameworks";
				PRODUCT_NAME = "$(TARGET_NAME)";
				TEST_HOST = "$(BUILT_PRODUCTS_DIR)/SFU_App.app/SFU_App";
			};
			name = Release;
		};
/* End XCBuildConfiguration section */

/* Begin XCConfigurationList section */
		7DC35E301AA669B700554367 /* Build configuration list for PBXProject "SFU_App" */ = {
			isa = XCConfigurationList;
			buildConfigurations = (
				7DC35E521AA669B800554367 /* Debug */,
				7DC35E531AA669B800554367 /* Release */,
			);
			defaultConfigurationIsVisible = 0;
			defaultConfigurationName = Release;
		};
		7DC35E541AA669B800554367 /* Build configuration list for PBXNativeTarget "SFU_App" */ = {
			isa = XCConfigurationList;
			buildConfigurations = (
				7DC35E551AA669B800554367 /* Debug */,
				7DC35E561AA669B800554367 /* Release */,
			);
			defaultConfigurationIsVisible = 0;
			defaultConfigurationName = Release;
		};
		7DC35E571AA669B800554367 /* Build configuration list for PBXNativeTarget "SFU_AppTests" */ = {
			isa = XCConfigurationList;
			buildConfigurations = (
				7DC35E581AA669B800554367 /* Debug */,
				7DC35E591AA669B800554367 /* Release */,
			);
			defaultConfigurationIsVisible = 0;
			defaultConfigurationName = Release;
		};
/* End XCConfigurationList section */

/* Begin XCVersionGroup section */
		7DB78C991AC9AE3E00F17700 /* CoreDat.xcdatamodeld */ = {
			isa = XCVersionGroup;
			children = (
				7DB78C9A1AC9AE3E00F17700 /* CoreDat.xcdatamodel */,
			);
			currentVersion = 7DB78C9A1AC9AE3E00F17700 /* CoreDat.xcdatamodel */;
			path = CoreDat.xcdatamodeld;
			sourceTree = "<group>";
			versionGroupType = wrapper.xcdatamodel;
		};
/* End XCVersionGroup section */
	};
	rootObject = 7DC35E2D1AA669B700554367 /* Project object */;
}
